
Microsoft Visual Studio Solution File, Format Version 12.00
# Visual Studio 14
VisualStudioVersion = 14.0.23107.0
MinimumVisualStudioVersion = 10.0.40219.1
Project("{FAE04EC0-301F-11D3-BF4B-00C04F79EFBC}") = "VirtualMachine", "VirtualMachine\VirtualMachine.csproj", "{31E3551D-66C6-44D9-9950-E3DAECA00DCA}"
EndProject
Project("{FAE04EC0-301F-11D3-BF4B-00C04F79EFBC}") = "ConsoleAppTest", "ConsoleAppTest\ConsoleAppTest.csproj", "{1FCEB98B-3986-4518-B6F5-98D21C7BEB50}"
EndProject
Project("{FAE04EC0-301F-11D3-BF4B-00C04F79EFBC}") = "UnitTestVirtualMachine", "UnitTestVirtualMachine\UnitTestVirtualMachine.csproj", "{07E2D43C-3007-41B0-A189-2360C257D8AE}"
EndProject
Global
	GlobalSection(SolutionConfigurationPlatforms) = preSolution
		Debug|Any CPU = Debug|Any CPU
		Release|Any CPU = Release|Any CPU
	EndGlobalSection
	GlobalSection(ProjectConfigurationPlatforms) = postSolution
		{31E3551D-66C6-44D9-9950-E3DAECA00DCA}.Debug|Any CPU.ActiveCfg = Debug|Any CPU
		{31E3551D-66C6-44D9-9950-E3DAECA00DCA}.Debug|Any CPU.Build.0 = Debug|Any CPU
		{31E3551D-66C6-44D9-9950-E3DAECA00DCA}.Release|Any CPU.ActiveCfg = Release|Any CPU
		{31E3551D-66C6-44D9-9950-E3DAECA00DCA}.Release|Any CPU.Build.0 = Release|Any CPU
		{1FCEB98B-3986-4518-B6F5-98D21C7BEB50}.Debug|Any CPU.ActiveCfg = Debug|Any CPU
		{1FCEB98B-3986-4518-B6F5-98D21C7BEB50}.Debug|Any CPU.Build.0 = Debug|Any CPU
		{1FCEB98B-3986-4518-B6F5-98D21C7BEB50}.Release|Any CPU.ActiveCfg = Release|Any CPU
		{1FCEB98B-3986-4518-B6F5-98D21C7BEB50}.Release|Any CPU.Build.0 = Release|Any CPU
		{07E2D43C-3007-41B0-A189-2360C257D8AE}.Debug|Any CPU.ActiveCfg = Debug|Any CPU
		{07E2D43C-3007-41B0-A189-2360C257D8AE}.Debug|Any CPU.Build.0 = Debug|Any CPU
		{07E2D43C-3007-41B0-A189-2360C257D8AE}.Release|Any CPU.ActiveCfg = Release|Any CPU
		{07E2D43C-3007-41B0-A189-2360C257D8AE}.Release|Any CPU.Build.0 = Release|Any CPU
	EndGlobalSection
	GlobalSection(SolutionProperties) = preSolution
		HideSolutionNode = FALSE
	EndGlobalSection
EndGlobal
